
Microsoft Visual Studio Solution File, Format Version 12.00
# Visual Studio Version 17
VisualStudioVersion = 17.12.35527.113
MinimumVisualStudioVersion = 10.0.40219.1
Project("{9A19103F-16F7-4668-BE54-9A1E7A4F7556}") = "DBUpdater.Console", "DBUpdater.Console\DBUpdater.Console.csproj", "{4D761122-D4BF-4961-AF02-55100258DFBF}"
EndProject
Project("{9A19103F-16F7-4668-BE54-9A1E7A4F7556}") = "DBUpdater.Migrations", "DBUpdater.Migrations\DBUpdater.Migrations.csproj", "{848CC159-FD64-402B-AE86-32C22B861607}"
EndProject
Project("{9A19103F-16F7-4668-BE54-9A1E7A4F7556}") = "DBUpdater.FluentMigrator.Runner.Ingres", "DBUpdater.FluentMigrator.Runner.Ingres\DBUpdater.FluentMigrator.Runner.Ingres.csproj", "{FC021F1E-0728-4E56-A83A-FBF594A5864D}"
EndProject
Global
	GlobalSection(SolutionConfigurationPlatforms) = preSolution
		Debug|Any CPU = Debug|Any CPU
		Release|Any CPU = Release|Any CPU
	EndGlobalSection
	GlobalSection(ProjectConfigurationPlatforms) = postSolution
		{4D761122-D4BF-4961-AF02-55100258DFBF}.Debug|Any CPU.ActiveCfg = Debug|Any CPU
		{4D761122-D4BF-4961-AF02-55100258DFBF}.Debug|Any CPU.Build.0 = Debug|Any CPU
		{4D761122-D4BF-4961-AF02-55100258DFBF}.Release|Any CPU.ActiveCfg = Release|Any CPU
		{4D761122-D4BF-4961-AF02-55100258DFBF}.Release|Any CPU.Build.0 = Release|Any CPU
		{848CC159-FD64-402B-AE86-32C22B861607}.Debug|Any CPU.ActiveCfg = Debug|Any CPU
		{848CC159-FD64-402B-AE86-32C22B861607}.Debug|Any CPU.Build.0 = Debug|Any CPU
		{848CC159-FD64-402B-AE86-32C22B861607}.Release|Any CPU.ActiveCfg = Release|Any CPU
		{848CC159-FD64-402B-AE86-32C22B861607}.Release|Any CPU.Build.0 = Release|Any CPU
		{FC021F1E-0728-4E56-A83A-FBF594A5864D}.Debug|Any CPU.ActiveCfg = Debug|Any CPU
		{FC021F1E-0728-4E56-A83A-FBF594A5864D}.Debug|Any CPU.Build.0 = Debug|Any CPU
		{FC021F1E-0728-4E56-A83A-FBF594A5864D}.Release|Any CPU.ActiveCfg = Release|Any CPU
		{FC021F1E-0728-4E56-A83A-FBF594A5864D}.Release|Any CPU.Build.0 = Release|Any CPU
	EndGlobalSection
	GlobalSection(SolutionProperties) = preSolution
		HideSolutionNode = FALSE
	EndGlobalSection
EndGlobal
